
Microsoft Visual Studio Solution File, Format Version 12.00
# Visual Studio Version 16
VisualStudioVersion = 16.0.28803.156
MinimumVisualStudioVersion = 10.0.40219.1
Project("{FAE04EC0-301F-11D3-BF4B-00C04F79EFBC}") = "ServerManager", "ServerManager\ServerManager.csproj", "{DB51F4F9-E8F4-4E4F-A027-50D9703953C7}"
EndProject
Global
	GlobalSection(SolutionConfigurationPlatforms) = preSolution
		Debug|Any CPU = Debug|Any CPU
		Release|Any CPU = Release|Any CPU
	EndGlobalSection
	GlobalSection(ProjectConfigurationPlatforms) = postSolution
		{DB51F4F9-E8F4-4E4F-A027-50D9703953C7}.Debug|Any CPU.ActiveCfg = Debug|Any CPU
		{DB51F4F9-E8F4-4E4F-A027-50D9703953C7}.Debug|Any CPU.Build.0 = Debug|Any CPU
		{DB51F4F9-E8F4-4E4F-A027-50D9703953C7}.Release|Any CPU.ActiveCfg = Release|Any CPU
		{DB51F4F9-E8F4-4E4F-A027-50D9703953C7}.Release|Any CPU.Build.0 = Release|Any CPU
	EndGlobalSection
	GlobalSection(SolutionProperties) = preSolution
		HideSolutionNode = FALSE
	EndGlobalSection
	GlobalSection(ExtensibilityGlobals) = postSolution
		SolutionGuid = {3ADD210A-00DE-4AF6-9E03-95A39B2CACB1}
	EndGlobalSection
EndGlobal
